
Microsoft Visual Studio Solution File, Format Version 12.00
# Visual Studio Version 16
VisualStudioVersion = 16.0.32413.511
MinimumVisualStudioVersion = 10.0.40219.1
Project("{8BC9CEB8-8B4A-11D0-8D11-00A0C91BC942}") = "HOLA MUNDO", "HOLA MUNDO\HOLA MUNDO.vcxproj", "{FF667699-C60A-4DD0-B79B-A267AA6C1312}"
EndProject
Global
	GlobalSection(SolutionConfigurationPlatforms) = preSolution
		Debug|x64 = Debug|x64
		Debug|x86 = Debug|x86
		Release|x64 = Release|x64
		Release|x86 = Release|x86
	EndGlobalSection
	GlobalSection(ProjectConfigurationPlatforms) = postSolution
		{FF667699-C60A-4DD0-B79B-A267AA6C1312}.Debug|x64.ActiveCfg = Debug|x64
		{FF667699-C60A-4DD0-B79B-A267AA6C1312}.Debug|x64.Build.0 = Debug|x64
		{FF667699-C60A-4DD0-B79B-A267AA6C1312}.Debug|x86.ActiveCfg = Debug|Win32
		{FF667699-C60A-4DD0-B79B-A267AA6C1312}.Debug|x86.Build.0 = Debug|Win32
		{FF667699-C60A-4DD0-B79B-A267AA6C1312}.Release|x64.ActiveCfg = Release|x64
		{FF667699-C60A-4DD0-B79B-A267AA6C1312}.Release|x64.Build.0 = Release|x64
		{FF667699-C60A-4DD0-B79B-A267AA6C1312}.Release|x86.ActiveCfg = Release|Win32
		{FF667699-C60A-4DD0-B79B-A267AA6C1312}.Release|x86.Build.0 = Release|Win32
	EndGlobalSection
	GlobalSection(SolutionProperties) = preSolution
		HideSolutionNode = FALSE
	EndGlobalSection
	GlobalSection(ExtensibilityGlobals) = postSolution
		SolutionGuid = {EB1B6CE9-0DE8-4BAC-87C8-6701E4344477}
	EndGlobalSection
EndGlobal
